
Microsoft Visual Studio Solution File, Format Version 12.00
# Visual Studio Version 17
VisualStudioVersion = 17.11.35303.130
MinimumVisualStudioVersion = 10.0.40219.1
Project("{FAE04EC0-301F-11D3-BF4B-00C04F79EFBC}") = "ClassDish", "ClassDish.csproj", "{30F57D82-0AEB-46BF-B495-F3756A9FF862}"
EndProject
Project("{FAE04EC0-301F-11D3-BF4B-00C04F79EFBC}") = "Dishes.UnitTests", "..\Dishes.UnitTests\Dishes.UnitTests.csproj", "{01019291-95A2-4617-A30B-1ED318A6F5A2}"
EndProject
Global
	GlobalSection(SolutionConfigurationPlatforms) = preSolution
		Debug|Any CPU = Debug|Any CPU
		Release|Any CPU = Release|Any CPU
	EndGlobalSection
	GlobalSection(ProjectConfigurationPlatforms) = postSolution
		{30F57D82-0AEB-46BF-B495-F3756A9FF862}.Debug|Any CPU.ActiveCfg = Debug|Any CPU
		{30F57D82-0AEB-46BF-B495-F3756A9FF862}.Debug|Any CPU.Build.0 = Debug|Any CPU
		{30F57D82-0AEB-46BF-B495-F3756A9FF862}.Release|Any CPU.ActiveCfg = Release|Any CPU
		{30F57D82-0AEB-46BF-B495-F3756A9FF862}.Release|Any CPU.Build.0 = Release|Any CPU
		{01019291-95A2-4617-A30B-1ED318A6F5A2}.Debug|Any CPU.ActiveCfg = Debug|Any CPU
		{01019291-95A2-4617-A30B-1ED318A6F5A2}.Debug|Any CPU.Build.0 = Debug|Any CPU
		{01019291-95A2-4617-A30B-1ED318A6F5A2}.Release|Any CPU.ActiveCfg = Release|Any CPU
		{01019291-95A2-4617-A30B-1ED318A6F5A2}.Release|Any CPU.Build.0 = Release|Any CPU
	EndGlobalSection
	GlobalSection(SolutionProperties) = preSolution
		HideSolutionNode = FALSE
	EndGlobalSection
	GlobalSection(ExtensibilityGlobals) = postSolution
		SolutionGuid = {7ECC440C-3C5F-47B4-ACC5-3DE2AB6EAED7}
	EndGlobalSection
EndGlobal
